// !$*UTF8*$!
{
	archiveVersion = 1;
	classes = {
	};
	objectVersion = 56;
	objects = {

/* Begin PBXBuildFile section */
		B10000000000000000000001 /* AppDelegate.swift in Sources */ = {isa = PBXBuildFile; fileRef = F10000000000000000000001 /* AppDelegate.swift */; };
		B10000000000000000000002 /* SceneDelegate.swift in Sources */ = {isa = PBXBuildFile; fileRef = F10000000000000000000002 /* SceneDelegate.swift */; };
		B10000000000000000000003 /* AppModel.swift in Sources */ = {isa = PBXBuildFile; fileRef = F10000000000000000000003 /* AppModel.swift */; };
		B10000000000000000000004 /* XdnmbAppView.swift in Sources */ = {isa = PBXBuildFile; fileRef = F10000000000000000000004 /* XdnmbAppView.swift */; };
		B10000000000000000000005 /* APIService.swift in Sources */ = {isa = PBXBuildFile; fileRef = F10000000000000000000005 /* APIService.swift */; };
		B10000000000000000000006 /* IdentityStore.swift in Sources */ = {isa = PBXBuildFile; fileRef = F10000000000000000000006 /* IdentityStore.swift */; };
		B10000000000000000000007 /* Forum.swift in Sources */ = {isa = PBXBuildFile; fileRef = F10000000000000000000007 /* Forum.swift */; };
		B10000000000000000000008 /* Thread.swift in Sources */ = {isa = PBXBuildFile; fileRef = F10000000000000000000008 /* Thread.swift */; };
		B10000000000000000000009 /* DecodingUtilities.swift in Sources */ = {isa = PBXBuildFile; fileRef = F10000000000000000000009 /* DecodingUtilities.swift */; };
		B1000000000000000000000A /* ContentUtilities.swift in Sources */ = {isa = PBXBuildFile; fileRef = F1000000000000000000000A /* ContentUtilities.swift */; };
		B1000000000000000000000B /* TimelineFeature.swift in Sources */ = {isa = PBXBuildFile; fileRef = F1000000000000000000000B /* TimelineFeature.swift */; };
		B1000000000000000000000C /* BoardDirectoryFeature.swift in Sources */ = {isa = PBXBuildFile; fileRef = F1000000000000000000000C /* BoardDirectoryFeature.swift */; };
		B1000000000000000000000D /* ForumFeature.swift in Sources */ = {isa = PBXBuildFile; fileRef = F1000000000000000000000D /* ForumFeature.swift */; };
		B1000000000000000000000E /* FeedFeature.swift in Sources */ = {isa = PBXBuildFile; fileRef = F1000000000000000000000E /* FeedFeature.swift */; };
		B1000000000000000000000F /* ThreadFeature.swift in Sources */ = {isa = PBXBuildFile; fileRef = F1000000000000000000000F /* ThreadFeature.swift */; };
		B10000000000000000000010 /* ComposerFeature.swift in Sources */ = {isa = PBXBuildFile; fileRef = F10000000000000000000010 /* ComposerFeature.swift */; };
		B10000000000000000000011 /* ProfileFeature.swift in Sources */ = {isa = PBXBuildFile; fileRef = F10000000000000000000011 /* ProfileFeature.swift */; };
		B10000000000000000000012 /* AppTheme.swift in Sources */ = {isa = PBXBuildFile; fileRef = F10000000000000000000012 /* AppTheme.swift */; };
		B10000000000000000000013 /* ContentCards.swift in Sources */ = {isa = PBXBuildFile; fileRef = F10000000000000000000013 /* ContentCards.swift */; };
		B10000000000000000000014 /* RemoteImage.swift in Sources */ = {isa = PBXBuildFile; fileRef = F10000000000000000000014 /* RemoteImage.swift */; };
		B10000000000000000000015 /* StateViews.swift in Sources */ = {isa = PBXBuildFile; fileRef = F10000000000000000000015 /* StateViews.swift */; };
		B10000000000000000000016 /* Assets.xcassets in Resources */ = {isa = PBXBuildFile; fileRef = F10000000000000000000016 /* Assets.xcassets */; };
		B10000000000000000000017 /* PreviewSupport.swift in Sources */ = {isa = PBXBuildFile; fileRef = F10000000000000000000019 /* PreviewSupport.swift */; };
		B10000000000000000000018 /* RefreshableInfiniteList.swift in Sources */ = {isa = PBXBuildFile; fileRef = F10000000000000000000020 /* RefreshableInfiniteList.swift */; };
		B10000000000000000000019 /* PageJumpSheet.swift in Sources */ = {isa = PBXBuildFile; fileRef = F10000000000000000000021 /* PageJumpSheet.swift */; };
		B1000000000000000000001A /* ImageViewer.swift in Sources */ = {isa = PBXBuildFile; fileRef = F10000000000000000000022 /* ImageViewer.swift */; };
		B1000000000000000000001B /* BoardPreferencesStore.swift in Sources */ = {isa = PBXBuildFile; fileRef = F10000000000000000000023 /* BoardPreferencesStore.swift */; };
		B1000000000000000000001C /* QRCodeScannerView.swift in Sources */ = {isa = PBXBuildFile; fileRef = F10000000000000000000024 /* QRCodeScannerView.swift */; };
		B1000000000000000000001D /* KaomojiPicker.swift in Sources */ = {isa = PBXBuildFile; fileRef = F10000000000000000000025 /* KaomojiPicker.swift */; };
		B1000000000000000000001E /* MainFeedChrome.swift in Sources */ = {isa = PBXBuildFile; fileRef = F10000000000000000000026 /* MainFeedChrome.swift */; };
		B1000000000000000000001F /* AppDependencies.swift in Sources */ = {isa = PBXBuildFile; fileRef = F10000000000000000000027 /* AppDependencies.swift */; };
		B10000000000000000000020 /* ThreadListStore.swift in Sources */ = {isa = PBXBuildFile; fileRef = F10000000000000000000028 /* ThreadListStore.swift */; };
		B10000000000000000000021 /* ThreadStore.swift in Sources */ = {isa = PBXBuildFile; fileRef = F10000000000000000000029 /* ThreadStore.swift */; };
		B10000000000000000000022 /* XdnmbAPIClient.swift in Sources */ = {isa = PBXBuildFile; fileRef = F1000000000000000000002A /* XdnmbAPIClient.swift */; };
		B10000000000000000000023 /* ComposerStore.swift in Sources */ = {isa = PBXBuildFile; fileRef = F1000000000000000000002B /* ComposerStore.swift */; };
		B10000000000000000000024 /* PostHistoryStore.swift in Sources */ = {isa = PBXBuildFile; fileRef = F1000000000000000000002C /* PostHistoryStore.swift */; };
		B10000000000000000000025 /* PostHistoryFeature.swift in Sources */ = {isa = PBXBuildFile; fileRef = F1000000000000000000002D /* PostHistoryFeature.swift */; };
/* End PBXBuildFile section */

/* Begin PBXFileReference section */
		F10000000000000000000001 /* AppDelegate.swift */ = {isa = PBXFileReference; lastKnownFileType = sourcecode.swift; path = AppDelegate.swift; sourceTree = "<group>"; };
		F10000000000000000000002 /* SceneDelegate.swift */ = {isa = PBXFileReference; lastKnownFileType = sourcecode.swift; path = SceneDelegate.swift; sourceTree = "<group>"; };
		F10000000000000000000003 /* AppModel.swift */ = {isa = PBXFileReference; lastKnownFileType = sourcecode.swift; path = AppModel.swift; sourceTree = "<group>"; };
		F10000000000000000000004 /* XdnmbAppView.swift */ = {isa = PBXFileReference; lastKnownFileType = sourcecode.swift; path = XdnmbAppView.swift; sourceTree = "<group>"; };
		F10000000000000000000005 /* APIService.swift */ = {isa = PBXFileReference; lastKnownFileType = sourcecode.swift; path = APIService.swift; sourceTree = "<group>"; };
		F10000000000000000000006 /* IdentityStore.swift */ = {isa = PBXFileReference; lastKnownFileType = sourcecode.swift; path = IdentityStore.swift; sourceTree = "<group>"; };
		F10000000000000000000007 /* Forum.swift */ = {isa = PBXFileReference; lastKnownFileType = sourcecode.swift; path = Forum.swift; sourceTree = "<group>"; };
		F10000000000000000000008 /* Thread.swift */ = {isa = PBXFileReference; lastKnownFileType = sourcecode.swift; path = Thread.swift; sourceTree = "<group>"; };
		F10000000000000000000009 /* DecodingUtilities.swift */ = {isa = PBXFileReference; lastKnownFileType = sourcecode.swift; path = DecodingUtilities.swift; sourceTree = "<group>"; };
		F1000000000000000000000A /* ContentUtilities.swift */ = {isa = PBXFileReference; lastKnownFileType = sourcecode.swift; path = ContentUtilities.swift; sourceTree = "<group>"; };
		F1000000000000000000000B /* TimelineFeature.swift */ = {isa = PBXFileReference; lastKnownFileType = sourcecode.swift; path = TimelineFeature.swift; sourceTree = "<group>"; };
		F1000000000000000000000C /* BoardDirectoryFeature.swift */ = {isa = PBXFileReference; lastKnownFileType = sourcecode.swift; path = BoardDirectoryFeature.swift; sourceTree = "<group>"; };
		F1000000000000000000000D /* ForumFeature.swift */ = {isa = PBXFileReference; lastKnownFileType = sourcecode.swift; path = ForumFeature.swift; sourceTree = "<group>"; };
		F1000000000000000000000E /* FeedFeature.swift */ = {isa = PBXFileReference; lastKnownFileType = sourcecode.swift; path = FeedFeature.swift; sourceTree = "<group>"; };
		F1000000000000000000000F /* ThreadFeature.swift */ = {isa = PBXFileReference; lastKnownFileType = sourcecode.swift; path = ThreadFeature.swift; sourceTree = "<group>"; };
		F10000000000000000000010 /* ComposerFeature.swift */ = {isa = PBXFileReference; lastKnownFileType = sourcecode.swift; path = ComposerFeature.swift; sourceTree = "<group>"; };
		F10000000000000000000011 /* ProfileFeature.swift */ = {isa = PBXFileReference; lastKnownFileType = sourcecode.swift; path = ProfileFeature.swift; sourceTree = "<group>"; };
		F10000000000000000000012 /* AppTheme.swift */ = {isa = PBXFileReference; lastKnownFileType = sourcecode.swift; path = AppTheme.swift; sourceTree = "<group>"; };
		F10000000000000000000013 /* ContentCards.swift */ = {isa = PBXFileReference; lastKnownFileType = sourcecode.swift; path = ContentCards.swift; sourceTree = "<group>"; };
		F10000000000000000000014 /* RemoteImage.swift */ = {isa = PBXFileReference; lastKnownFileType = sourcecode.swift; path = RemoteImage.swift; sourceTree = "<group>"; };
		F10000000000000000000015 /* StateViews.swift */ = {isa = PBXFileReference; lastKnownFileType = sourcecode.swift; path = StateViews.swift; sourceTree = "<group>"; };
		F10000000000000000000016 /* Assets.xcassets */ = {isa = PBXFileReference; lastKnownFileType = folder.assetcatalog; path = Assets.xcassets; sourceTree = "<group>"; };
		F10000000000000000000017 /* Info.plist */ = {isa = PBXFileReference; lastKnownFileType = text.plist.xml; path = Info.plist; sourceTree = "<group>"; };
		F10000000000000000000018 /* Xdnmb.app */ = {isa = PBXFileReference; explicitFileType = wrapper.application; includeInIndex = 0; path = Xdnmb.app; sourceTree = BUILT_PRODUCTS_DIR; };
		F10000000000000000000019 /* PreviewSupport.swift */ = {isa = PBXFileReference; lastKnownFileType = sourcecode.swift; path = PreviewSupport.swift; sourceTree = "<group>"; };
		F10000000000000000000020 /* RefreshableInfiniteList.swift */ = {isa = PBXFileReference; lastKnownFileType = sourcecode.swift; path = RefreshableInfiniteList.swift; sourceTree = "<group>"; };
		F10000000000000000000021 /* PageJumpSheet.swift */ = {isa = PBXFileReference; lastKnownFileType = sourcecode.swift; path = PageJumpSheet.swift; sourceTree = "<group>"; };
		F10000000000000000000022 /* ImageViewer.swift */ = {isa = PBXFileReference; lastKnownFileType = sourcecode.swift; path = ImageViewer.swift; sourceTree = "<group>"; };
		F10000000000000000000023 /* BoardPreferencesStore.swift */ = {isa = PBXFileReference; lastKnownFileType = sourcecode.swift; path = BoardPreferencesStore.swift; sourceTree = "<group>"; };
		F10000000000000000000024 /* QRCodeScannerView.swift */ = {isa = PBXFileReference; lastKnownFileType = sourcecode.swift; path = QRCodeScannerView.swift; sourceTree = "<group>"; };
		F10000000000000000000025 /* KaomojiPicker.swift */ = {isa = PBXFileReference; lastKnownFileType = sourcecode.swift; path = KaomojiPicker.swift; sourceTree = "<group>"; };
		F10000000000000000000026 /* MainFeedChrome.swift */ = {isa = PBXFileReference; lastKnownFileType = sourcecode.swift; path = MainFeedChrome.swift; sourceTree = "<group>"; };
		F10000000000000000000027 /* AppDependencies.swift */ = {isa = PBXFileReference; lastKnownFileType = sourcecode.swift; path = AppDependencies.swift; sourceTree = "<group>"; };
		F10000000000000000000028 /* ThreadListStore.swift */ = {isa = PBXFileReference; lastKnownFileType = sourcecode.swift; path = ThreadListStore.swift; sourceTree = "<group>"; };
		F10000000000000000000029 /* ThreadStore.swift */ = {isa = PBXFileReference; lastKnownFileType = sourcecode.swift; path = ThreadStore.swift; sourceTree = "<group>"; };
		F1000000000000000000002A /* XdnmbAPIClient.swift */ = {isa = PBXFileReference; lastKnownFileType = sourcecode.swift; path = XdnmbAPIClient.swift; sourceTree = "<group>"; };
		F1000000000000000000002B /* ComposerStore.swift */ = {isa = PBXFileReference; lastKnownFileType = sourcecode.swift; path = ComposerStore.swift; sourceTree = "<group>"; };
		F1000000000000000000002C /* PostHistoryStore.swift */ = {isa = PBXFileReference; lastKnownFileType = sourcecode.swift; path = PostHistoryStore.swift; sourceTree = "<group>"; };
		F1000000000000000000002D /* PostHistoryFeature.swift */ = {isa = PBXFileReference; lastKnownFileType = sourcecode.swift; path = PostHistoryFeature.swift; sourceTree = "<group>"; };
/* End PBXFileReference section */

/* Begin PBXFrameworksBuildPhase section */
		A30000000000000000000001 /* Frameworks */ = {
			isa = PBXFrameworksBuildPhase;
			buildActionMask = 2147483647;
			files = (
			);
			runOnlyForDeploymentPostprocessing = 0;
		};
/* End PBXFrameworksBuildPhase section */

/* Begin PBXGroup section */
		A20000000000000000000001 = {
			isa = PBXGroup;
			children = (
				A20000000000000000000002 /* Xdnmb */,
				A20000000000000000000003 /* Products */,
			);
			sourceTree = "<group>";
		};
		A20000000000000000000002 /* Xdnmb */ = {
			isa = PBXGroup;
			children = (
				F10000000000000000000001 /* AppDelegate.swift */,
				F10000000000000000000002 /* SceneDelegate.swift */,
				A20000000000000000000004 /* Source */,
				F10000000000000000000016 /* Assets.xcassets */,
				F10000000000000000000017 /* Info.plist */,
			);
			path = Xdnmb;
			sourceTree = "<group>";
		};
		A20000000000000000000003 /* Products */ = {
			isa = PBXGroup;
			children = (
				F10000000000000000000018 /* Xdnmb.app */,
			);
			name = Products;
			sourceTree = "<group>";
		};
		A20000000000000000000004 /* Source */ = {
			isa = PBXGroup;
			children = (
				A20000000000000000000011 /* Architecture */,
				A20000000000000000000005 /* Application */,
				A20000000000000000000006 /* Data */,
				A20000000000000000000007 /* Model */,
				A20000000000000000000012 /* Module */,
				A20000000000000000000008 /* Features */,
				A20000000000000000000009 /* UI */,
				A2000000000000000000000A /* Utils */,
			);
			path = Source;
			sourceTree = "<group>";
		};
		A20000000000000000000005 /* Application */ = {
			isa = PBXGroup;
			children = (
				F10000000000000000000003 /* AppModel.swift */,
				F10000000000000000000004 /* XdnmbAppView.swift */,
				F10000000000000000000019 /* PreviewSupport.swift */,
			);
			path = Application;
			sourceTree = "<group>";
		};
		A20000000000000000000006 /* Data */ = {
			isa = PBXGroup;
			children = (
				F1000000000000000000002A /* XdnmbAPIClient.swift */,
				F10000000000000000000005 /* APIService.swift */,
				F10000000000000000000006 /* IdentityStore.swift */,
				F10000000000000000000023 /* BoardPreferencesStore.swift */,
				F1000000000000000000002C /* PostHistoryStore.swift */,
			);
			path = Data;
			sourceTree = "<group>";
		};
		A20000000000000000000007 /* Model */ = {
			isa = PBXGroup;
			children = (
				F10000000000000000000007 /* Forum.swift */,
				F10000000000000000000008 /* Thread.swift */,
			);
			path = Model;
			sourceTree = "<group>";
		};
		A20000000000000000000008 /* Features */ = {
			isa = PBXGroup;
			children = (
				A2000000000000000000000B /* Timeline */,
				A2000000000000000000000C /* Boards */,
				A2000000000000000000000D /* Feed */,
				A2000000000000000000000E /* Thread */,
				A2000000000000000000000F /* Composer */,
				A20000000000000000000016 /* History */,
				A20000000000000000000010 /* Profile */,
			);
			path = Features;
			sourceTree = "<group>";
		};
		A20000000000000000000009 /* UI */ = {
			isa = PBXGroup;
			children = (
				F10000000000000000000012 /* AppTheme.swift */,
				F10000000000000000000013 /* ContentCards.swift */,
				F10000000000000000000014 /* RemoteImage.swift */,
				F10000000000000000000015 /* StateViews.swift */,
				F10000000000000000000020 /* RefreshableInfiniteList.swift */,
				F10000000000000000000021 /* PageJumpSheet.swift */,
				F10000000000000000000022 /* ImageViewer.swift */,
				F10000000000000000000024 /* QRCodeScannerView.swift */,
				F10000000000000000000025 /* KaomojiPicker.swift */,
				F10000000000000000000026 /* MainFeedChrome.swift */,
			);
			path = UI;
			sourceTree = "<group>";
		};
		A2000000000000000000000A /* Utils */ = {
			isa = PBXGroup;
			children = (
				F10000000000000000000009 /* DecodingUtilities.swift */,
				F1000000000000000000000A /* ContentUtilities.swift */,
			);
			path = Utils;
			sourceTree = "<group>";
		};
		A2000000000000000000000B /* Timeline */ = {
			isa = PBXGroup;
			children = (F1000000000000000000000B /* TimelineFeature.swift */);
			path = Timeline;
			sourceTree = "<group>";
		};
		A2000000000000000000000C /* Boards */ = {
			isa = PBXGroup;
			children = (
				F1000000000000000000000C /* BoardDirectoryFeature.swift */,
				F1000000000000000000000D /* ForumFeature.swift */,
			);
			path = Boards;
			sourceTree = "<group>";
		};
		A2000000000000000000000D /* Feed */ = {
			isa = PBXGroup;
			children = (F1000000000000000000000E /* FeedFeature.swift */);
			path = Feed;
			sourceTree = "<group>";
		};
		A2000000000000000000000E /* Thread */ = {
			isa = PBXGroup;
			children = (F1000000000000000000000F /* ThreadFeature.swift */);
			path = Thread;
			sourceTree = "<group>";
		};
		A2000000000000000000000F /* Composer */ = {
			isa = PBXGroup;
			children = (F10000000000000000000010 /* ComposerFeature.swift */);
			path = Composer;
			sourceTree = "<group>";
		};
		A20000000000000000000010 /* Profile */ = {
			isa = PBXGroup;
			children = (F10000000000000000000011 /* ProfileFeature.swift */);
			path = Profile;
			sourceTree = "<group>";
		};
		A20000000000000000000016 /* History */ = {
			isa = PBXGroup;
			children = (F1000000000000000000002D /* PostHistoryFeature.swift */);
			path = History;
			sourceTree = "<group>";
		};
		A20000000000000000000011 /* Architecture */ = {
			isa = PBXGroup;
			children = (F10000000000000000000027 /* AppDependencies.swift */);
			path = Architecture;
			sourceTree = "<group>";
		};
		A20000000000000000000012 /* Module */ = {
			isa = PBXGroup;
			children = (
				A20000000000000000000015 /* Composer */,
				A20000000000000000000013 /* Pagination */,
				A20000000000000000000014 /* Thread */,
			);
			path = Module;
			sourceTree = "<group>";
		};
		A20000000000000000000013 /* Pagination */ = {
			isa = PBXGroup;
			children = (F10000000000000000000028 /* ThreadListStore.swift */);
			path = Pagination;
			sourceTree = "<group>";
		};
		A20000000000000000000014 /* Thread */ = {
			isa = PBXGroup;
			children = (F10000000000000000000029 /* ThreadStore.swift */);
			path = Thread;
			sourceTree = "<group>";
		};
		A20000000000000000000015 /* Composer */ = {
			isa = PBXGroup;
			children = (F1000000000000000000002B /* ComposerStore.swift */);
			path = Composer;
			sourceTree = "<group>";
		};
/* End PBXGroup section */

/* Begin PBXNativeTarget section */
		A40000000000000000000001 /* Xdnmb */ = {
			isa = PBXNativeTarget;
			buildConfigurationList = A90000000000000000000002 /* Build configuration list for PBXNativeTarget "Xdnmb" */;
			buildPhases = (
				A30000000000000000000002 /* Sources */,
				A30000000000000000000001 /* Frameworks */,
				A30000000000000000000003 /* Resources */,
			);
			buildRules = (
			);
			dependencies = (
			);
			name = Xdnmb;
			productName = Xdnmb;
			productReference = F10000000000000000000018 /* Xdnmb.app */;
			productType = "com.apple.product-type.application";
		};
/* End PBXNativeTarget section */

/* Begin PBXProject section */
		A50000000000000000000001 /* Project object */ = {
			isa = PBXProject;
			attributes = {
				BuildIndependentTargetsInParallel = 1;
				LastSwiftUpdateCheck = 2650;
				LastUpgradeCheck = 2650;
				TargetAttributes = {
					A40000000000000000000001 = {
						CreatedOnToolsVersion = 26.5;
					};
				};
			};
			buildConfigurationList = A90000000000000000000001 /* Build configuration list for PBXProject "Xdnmb" */;
			compatibilityVersion = "Xcode 14.0";
			developmentRegion = en;
			hasScannedForEncodings = 0;
			knownRegions = (
				en,
				Base,
			);
			mainGroup = A20000000000000000000001;
			productRefGroup = A20000000000000000000003 /* Products */;
			projectDirPath = "";
			projectRoot = "";
			targets = (
				A40000000000000000000001 /* Xdnmb */,
			);
		};
/* End PBXProject section */

/* Begin PBXResourcesBuildPhase section */
		A30000000000000000000003 /* Resources */ = {
			isa = PBXResourcesBuildPhase;
			buildActionMask = 2147483647;
			files = (
				B10000000000000000000016 /* Assets.xcassets in Resources */,
			);
			runOnlyForDeploymentPostprocessing = 0;
		};
/* End PBXResourcesBuildPhase section */

/* Begin PBXSourcesBuildPhase section */
		A30000000000000000000002 /* Sources */ = {
			isa = PBXSourcesBuildPhase;
			buildActionMask = 2147483647;
			files = (
				B10000000000000000000001 /* AppDelegate.swift in Sources */,
				B10000000000000000000002 /* SceneDelegate.swift in Sources */,
				B10000000000000000000003 /* AppModel.swift in Sources */,
				B10000000000000000000004 /* XdnmbAppView.swift in Sources */,
				B10000000000000000000005 /* APIService.swift in Sources */,
				B10000000000000000000006 /* IdentityStore.swift in Sources */,
				B10000000000000000000007 /* Forum.swift in Sources */,
				B10000000000000000000008 /* Thread.swift in Sources */,
				B10000000000000000000009 /* DecodingUtilities.swift in Sources */,
				B1000000000000000000000A /* ContentUtilities.swift in Sources */,
				B1000000000000000000000B /* TimelineFeature.swift in Sources */,
				B1000000000000000000000C /* BoardDirectoryFeature.swift in Sources */,
				B1000000000000000000000D /* ForumFeature.swift in Sources */,
				B1000000000000000000000E /* FeedFeature.swift in Sources */,
				B1000000000000000000000F /* ThreadFeature.swift in Sources */,
				B10000000000000000000010 /* ComposerFeature.swift in Sources */,
				B10000000000000000000011 /* ProfileFeature.swift in Sources */,
				B10000000000000000000012 /* AppTheme.swift in Sources */,
				B10000000000000000000013 /* ContentCards.swift in Sources */,
				B10000000000000000000014 /* RemoteImage.swift in Sources */,
				B10000000000000000000015 /* StateViews.swift in Sources */,
				B10000000000000000000017 /* PreviewSupport.swift in Sources */,
				B10000000000000000000018 /* RefreshableInfiniteList.swift in Sources */,
				B10000000000000000000019 /* PageJumpSheet.swift in Sources */,
				B1000000000000000000001A /* ImageViewer.swift in Sources */,
				B1000000000000000000001B /* BoardPreferencesStore.swift in Sources */,
				B1000000000000000000001C /* QRCodeScannerView.swift in Sources */,
				B1000000000000000000001D /* KaomojiPicker.swift in Sources */,
				B1000000000000000000001E /* MainFeedChrome.swift in Sources */,
				B1000000000000000000001F /* AppDependencies.swift in Sources */,
				B10000000000000000000020 /* ThreadListStore.swift in Sources */,
				B10000000000000000000021 /* ThreadStore.swift in Sources */,
				B10000000000000000000022 /* XdnmbAPIClient.swift in Sources */,
				B10000000000000000000023 /* ComposerStore.swift in Sources */,
				B10000000000000000000024 /* PostHistoryStore.swift in Sources */,
				B10000000000000000000025 /* PostHistoryFeature.swift in Sources */,
			);
			runOnlyForDeploymentPostprocessing = 0;
		};
/* End PBXSourcesBuildPhase section */

/* Begin XCBuildConfiguration section */
		A80000000000000000000001 /* Debug */ = {
			isa = XCBuildConfiguration;
			buildSettings = {
				ALWAYS_SEARCH_USER_PATHS = NO;
				ASSETCATALOG_COMPILER_GENERATE_SWIFT_ASSET_SYMBOL_EXTENSIONS = YES;
				CLANG_ANALYZER_NONNULL = YES;
				CLANG_ANALYZER_NUMBER_OBJECT_CONVERSION = YES_AGGRESSIVE;
				CLANG_CXX_LANGUAGE_STANDARD = "gnu++20";
				CLANG_ENABLE_MODULES = YES;
				CLANG_ENABLE_OBJC_ARC = YES;
				CLANG_ENABLE_OBJC_WEAK = YES;
				CLANG_WARN_BLOCK_CAPTURE_AUTORELEASING = YES;
				CLANG_WARN_BOOL_CONVERSION = YES;
				CLANG_WARN_COMMA = YES;
				CLANG_WARN_CONSTANT_CONVERSION = YES;
				CLANG_WARN_DEPRECATED_OBJC_IMPLEMENTATIONS = YES;
				CLANG_WARN_DIRECT_OBJC_ISA_USAGE = YES_ERROR;
				CLANG_WARN_DOCUMENTATION_COMMENTS = YES;
				CLANG_WARN_EMPTY_BODY = YES;
				CLANG_WARN_ENUM_CONVERSION = YES;
				CLANG_WARN_INFINITE_RECURSION = YES;
				CLANG_WARN_INT_CONVERSION = YES;
				CLANG_WARN_NON_LITERAL_NULL_CONVERSION = YES;
				CLANG_WARN_OBJC_IMPLICIT_RETAIN_SELF = YES;
				CLANG_WARN_OBJC_LITERAL_CONVERSION = YES;
				CLANG_WARN_OBJC_ROOT_CLASS = YES_ERROR;
				CLANG_WARN_QUOTED_INCLUDE_IN_FRAMEWORK_HEADER = YES;
				CLANG_WARN_RANGE_LOOP_ANALYSIS = YES;
				CLANG_WARN_STRICT_PROTOTYPES = YES;
				CLANG_WARN_SUSPICIOUS_MOVE = YES;
				CLANG_WARN_UNGUARDED_AVAILABILITY = YES_AGGRESSIVE;
				CLANG_WARN_UNREACHABLE_CODE = YES;
				CLANG_WARN__DUPLICATE_METHOD_MATCH = YES;
				COPY_PHASE_STRIP = NO;
				DEBUG_INFORMATION_FORMAT = dwarf;
				ENABLE_STRICT_OBJC_MSGSEND = YES;
				ENABLE_TESTABILITY = YES;
				ENABLE_USER_SCRIPT_SANDBOXING = YES;
				GCC_C_LANGUAGE_STANDARD = gnu17;
				GCC_DYNAMIC_NO_PIC = NO;
				GCC_NO_COMMON_BLOCKS = YES;
				GCC_PREPROCESSOR_DEFINITIONS = (
					"DEBUG=1",
					"$(inherited)",
				);
				GCC_WARN_64_TO_32_BIT_CONVERSION = YES;
				GCC_WARN_ABOUT_RETURN_TYPE = YES_ERROR;
				GCC_WARN_UNDECLARED_SELECTOR = YES;
				GCC_WARN_UNINITIALIZED_AUTOS = YES_AGGRESSIVE;
				IPHONEOS_DEPLOYMENT_TARGET = 18.2;
				LOCALIZATION_PREFERS_STRING_CATALOGS = YES;
				MTL_ENABLE_DEBUG_INFO = INCLUDE_SOURCE;
				MTL_FAST_MATH = YES;
				ONLY_ACTIVE_ARCH = YES;
				SDKROOT = iphoneos;
				SWIFT_ACTIVE_COMPILATION_CONDITIONS = "DEBUG $(inherited)";
				SWIFT_OPTIMIZATION_LEVEL = "-Onone";
			};
			name = Debug;
		};
		A80000000000000000000002 /* Release */ = {
			isa = XCBuildConfiguration;
			buildSettings = {
				ALWAYS_SEARCH_USER_PATHS = NO;
				ASSETCATALOG_COMPILER_GENERATE_SWIFT_ASSET_SYMBOL_EXTENSIONS = YES;
				CLANG_ANALYZER_NONNULL = YES;
				CLANG_ANALYZER_NUMBER_OBJECT_CONVERSION = YES_AGGRESSIVE;
				CLANG_CXX_LANGUAGE_STANDARD = "gnu++20";
				CLANG_ENABLE_MODULES = YES;
				CLANG_ENABLE_OBJC_ARC = YES;
				CLANG_ENABLE_OBJC_WEAK = YES;
				CLANG_WARN_BOOL_CONVERSION = YES;
				CLANG_WARN_COMMA = YES;
				CLANG_WARN_CONSTANT_CONVERSION = YES;
				CLANG_WARN_INFINITE_RECURSION = YES;
				CLANG_WARN_INT_CONVERSION = YES;
				CLANG_WARN_UNREACHABLE_CODE = YES;
				COPY_PHASE_STRIP = NO;
				DEBUG_INFORMATION_FORMAT = "dwarf-with-dsym";
				ENABLE_NS_ASSERTIONS = NO;
				ENABLE_STRICT_OBJC_MSGSEND = YES;
				ENABLE_USER_SCRIPT_SANDBOXING = YES;
				GCC_C_LANGUAGE_STANDARD = gnu17;
				GCC_NO_COMMON_BLOCKS = YES;
				GCC_WARN_64_TO_32_BIT_CONVERSION = YES;
				GCC_WARN_ABOUT_RETURN_TYPE = YES_ERROR;
				GCC_WARN_UNDECLARED_SELECTOR = YES;
				GCC_WARN_UNINITIALIZED_AUTOS = YES_AGGRESSIVE;
				IPHONEOS_DEPLOYMENT_TARGET = 18.2;
				LOCALIZATION_PREFERS_STRING_CATALOGS = YES;
				MTL_ENABLE_DEBUG_INFO = NO;
				MTL_FAST_MATH = YES;
				SDKROOT = iphoneos;
				SWIFT_COMPILATION_MODE = wholemodule;
				VALIDATE_PRODUCT = YES;
			};
			name = Release;
		};
		A80000000000000000000003 /* Debug */ = {
			isa = XCBuildConfiguration;
			buildSettings = {
				ASSETCATALOG_COMPILER_APPICON_NAME = AppIcon;
				ASSETCATALOG_COMPILER_GLOBAL_ACCENT_COLOR_NAME = AccentColor;
				CODE_SIGN_STYLE = Automatic;
				CURRENT_PROJECT_VERSION = 1;
				ENABLE_USER_SCRIPT_SANDBOXING = YES;
				GENERATE_INFOPLIST_FILE = YES;
				INFOPLIST_FILE = Xdnmb/Info.plist;
				INFOPLIST_KEY_UIApplicationSupportsIndirectInputEvents = YES;
				INFOPLIST_KEY_UILaunchScreen_Generation = YES;
				INFOPLIST_KEY_UISupportedInterfaceOrientations_iPad = "UIInterfaceOrientationPortrait UIInterfaceOrientationPortraitUpsideDown UIInterfaceOrientationLandscapeLeft UIInterfaceOrientationLandscapeRight";
				INFOPLIST_KEY_UISupportedInterfaceOrientations_iPhone = "UIInterfaceOrientationPortrait UIInterfaceOrientationLandscapeLeft UIInterfaceOrientationLandscapeRight";
				LD_RUNPATH_SEARCH_PATHS = (
					"$(inherited)",
					"@executable_path/Frameworks",
				);
				MARKETING_VERSION = 1.0;
				PRODUCT_BUNDLE_IDENTIFIER = rtekix.Xdnmb;
				PRODUCT_NAME = "$(TARGET_NAME)";
				STRING_CATALOG_GENERATE_SYMBOLS = YES;
				SWIFT_APPROACHABLE_CONCURRENCY = YES;
				SWIFT_EMIT_LOC_STRINGS = YES;
				SWIFT_UPCOMING_FEATURE_MEMBER_IMPORT_VISIBILITY = YES;
				SWIFT_VERSION = 5.0;
				TARGETED_DEVICE_FAMILY = "1,2";
			};
			name = Debug;
		};
		A80000000000000000000004 /* Release */ = {
			isa = XCBuildConfiguration;
			buildSettings = {
				ASSETCATALOG_COMPILER_APPICON_NAME = AppIcon;
				ASSETCATALOG_COMPILER_GLOBAL_ACCENT_COLOR_NAME = AccentColor;
				CODE_SIGN_STYLE = Automatic;
				CURRENT_PROJECT_VERSION = 1;
				ENABLE_USER_SCRIPT_SANDBOXING = YES;
				GENERATE_INFOPLIST_FILE = YES;
				INFOPLIST_FILE = Xdnmb/Info.plist;
				INFOPLIST_KEY_UIApplicationSupportsIndirectInputEvents = YES;
				INFOPLIST_KEY_UILaunchScreen_Generation = YES;
				INFOPLIST_KEY_UISupportedInterfaceOrientations_iPad = "UIInterfaceOrientationPortrait UIInterfaceOrientationPortraitUpsideDown UIInterfaceOrientationLandscapeLeft UIInterfaceOrientationLandscapeRight";
				INFOPLIST_KEY_UISupportedInterfaceOrientations_iPhone = "UIInterfaceOrientationPortrait UIInterfaceOrientationLandscapeLeft UIInterfaceOrientationLandscapeRight";
				LD_RUNPATH_SEARCH_PATHS = (
					"$(inherited)",
					"@executable_path/Frameworks",
				);
				MARKETING_VERSION = 1.0;
				PRODUCT_BUNDLE_IDENTIFIER = rtekix.Xdnmb;
				PRODUCT_NAME = "$(TARGET_NAME)";
				STRING_CATALOG_GENERATE_SYMBOLS = YES;
				SWIFT_APPROACHABLE_CONCURRENCY = YES;
				SWIFT_EMIT_LOC_STRINGS = YES;
				SWIFT_UPCOMING_FEATURE_MEMBER_IMPORT_VISIBILITY = YES;
				SWIFT_VERSION = 5.0;
				TARGETED_DEVICE_FAMILY = "1,2";
			};
			name = Release;
		};
/* End XCBuildConfiguration section */

/* Begin XCConfigurationList section */
		A90000000000000000000001 /* Build configuration list for PBXProject "Xdnmb" */ = {
			isa = XCConfigurationList;
			buildConfigurations = (
				A80000000000000000000001 /* Debug */,
				A80000000000000000000002 /* Release */,
			);
			defaultConfigurationIsVisible = 0;
			defaultConfigurationName = Release;
		};
		A90000000000000000000002 /* Build configuration list for PBXNativeTarget "Xdnmb" */ = {
			isa = XCConfigurationList;
			buildConfigurations = (
				A80000000000000000000003 /* Debug */,
				A80000000000000000000004 /* Release */,
			);
			defaultConfigurationIsVisible = 0;
			defaultConfigurationName = Release;
		};
/* End XCConfigurationList section */
	};
	rootObject = A50000000000000000000001 /* Project object */;
}
